
Microsoft Visual Studio Solution File, Format Version 12.00
# Visual Studio 15
VisualStudioVersion = 15.0.28307.705
MinimumVisualStudioVersion = 10.0.40219.1
Project("{FAE04EC0-301F-11D3-BF4B-00C04F79EFBC}") = "Synchronization", "Synchronization\Synchronization.csproj", "{AB433F73-691E-49FB-A8F7-CCADD1BBAA16}"
EndProject
Global
	GlobalSection(SolutionConfigurationPlatforms) = preSolution
		Debug|Any CPU = Debug|Any CPU
		Release|Any CPU = Release|Any CPU
	EndGlobalSection
	GlobalSection(ProjectConfigurationPlatforms) = postSolution
		{AB433F73-691E-49FB-A8F7-CCADD1BBAA16}.Debug|Any CPU.ActiveCfg = Debug|Any CPU
		{AB433F73-691E-49FB-A8F7-CCADD1BBAA16}.Debug|Any CPU.Build.0 = Debug|Any CPU
		{AB433F73-691E-49FB-A8F7-CCADD1BBAA16}.Release|Any CPU.ActiveCfg = Release|Any CPU
		{AB433F73-691E-49FB-A8F7-CCADD1BBAA16}.Release|Any CPU.Build.0 = Release|Any CPU
	EndGlobalSection
	GlobalSection(SolutionProperties) = preSolution
		HideSolutionNode = FALSE
	EndGlobalSection
	GlobalSection(ExtensibilityGlobals) = postSolution
		SolutionGuid = {88208D06-4605-4D3A-A116-1AA3A6C1DE3C}
	EndGlobalSection
EndGlobal
