
Microsoft Visual Studio Solution File, Format Version 12.00
# Visual Studio 15
VisualStudioVersion = 15.0.28307.705
MinimumVisualStudioVersion = 10.0.40219.1
Project("{FAE04EC0-301F-11D3-BF4B-00C04F79EFBC}") = "MegaOnlineStore", "MegaOnlineStore\MegaOnlineStore.csproj", "{7E6407C9-CB69-4185-9328-4151ED572719}"
EndProject
Global
	GlobalSection(SolutionConfigurationPlatforms) = preSolution
		Debug|Any CPU = Debug|Any CPU
		Release|Any CPU = Release|Any CPU
	EndGlobalSection
	GlobalSection(ProjectConfigurationPlatforms) = postSolution
		{7E6407C9-CB69-4185-9328-4151ED572719}.Debug|Any CPU.ActiveCfg = Debug|Any CPU
		{7E6407C9-CB69-4185-9328-4151ED572719}.Debug|Any CPU.Build.0 = Debug|Any CPU
		{7E6407C9-CB69-4185-9328-4151ED572719}.Release|Any CPU.ActiveCfg = Release|Any CPU
		{7E6407C9-CB69-4185-9328-4151ED572719}.Release|Any CPU.Build.0 = Release|Any CPU
	EndGlobalSection
	GlobalSection(SolutionProperties) = preSolution
		HideSolutionNode = FALSE
	EndGlobalSection
	GlobalSection(ExtensibilityGlobals) = postSolution
		SolutionGuid = {BD5583DD-590A-47CA-A8F8-FF693632840A}
	EndGlobalSection
EndGlobal
