
Microsoft Visual Studio Solution File, Format Version 12.00
# Visual Studio 15
VisualStudioVersion = 15.0.28307.705
MinimumVisualStudioVersion = 10.0.40219.1
Project("{FAE04EC0-301F-11D3-BF4B-00C04F79EFBC}") = "TrainerTraineeApp", "TrainerTraineeApp\TrainerTraineeApp.csproj", "{570101D3-D2D9-488D-A2CC-289390E45427}"
EndProject
Global
	GlobalSection(SolutionConfigurationPlatforms) = preSolution
		Debug|Any CPU = Debug|Any CPU
		Release|Any CPU = Release|Any CPU
	EndGlobalSection
	GlobalSection(ProjectConfigurationPlatforms) = postSolution
		{570101D3-D2D9-488D-A2CC-289390E45427}.Debug|Any CPU.ActiveCfg = Debug|Any CPU
		{570101D3-D2D9-488D-A2CC-289390E45427}.Debug|Any CPU.Build.0 = Debug|Any CPU
		{570101D3-D2D9-488D-A2CC-289390E45427}.Release|Any CPU.ActiveCfg = Release|Any CPU
		{570101D3-D2D9-488D-A2CC-289390E45427}.Release|Any CPU.Build.0 = Release|Any CPU
	EndGlobalSection
	GlobalSection(SolutionProperties) = preSolution
		HideSolutionNode = FALSE
	EndGlobalSection
	GlobalSection(ExtensibilityGlobals) = postSolution
		SolutionGuid = {E46E9740-2D29-405A-9D09-0EBDF3D1C042}
	EndGlobalSection
EndGlobal
